// !$*UTF8*$!
{
	archiveVersion = 1;
	classes = {
	};
	objectVersion = 56;
	objects = {

/* Begin PBXBuildFile section */
		6DD6D5EF59F2A395E4C5D942 /* Pods_LoginTestApp.framework in Frameworks */ = {isa = PBXBuildFile; fileRef = E46F010E75354A093D00CAF1 /* Pods_LoginTestApp.framework */; };
		7B145B322BE3354F00C5DA88 /* LoginTestAppApp.swift in Sources */ = {isa = PBXBuildFile; fileRef = 7B145B312BE3354F00C5DA88 /* LoginTestAppApp.swift */; };
		7B145B362BE3355100C5DA88 /* Assets.xcassets in Resources */ = {isa = PBXBuildFile; fileRef = 7B145B352BE3355100C5DA88 /* Assets.xcassets */; };
		7B145B392BE3355100C5DA88 /* Preview Assets.xcassets in Resources */ = {isa = PBXBuildFile; fileRef = 7B145B382BE3355100C5DA88 /* Preview Assets.xcassets */; };
		7B145B432BE336EB00C5DA88 /* LoginSuccess.swift in Sources */ = {isa = PBXBuildFile; fileRef = 7B145B3F2BE336EB00C5DA88 /* LoginSuccess.swift */; };
		7B145B442BE336EB00C5DA88 /* GoogleService-Info.plist in Resources */ = {isa = PBXBuildFile; fileRef = 7B145B402BE336EB00C5DA88 /* GoogleService-Info.plist */; };
		7B145B452BE336EB00C5DA88 /* RegistrationScreen.swift in Sources */ = {isa = PBXBuildFile; fileRef = 7B145B412BE336EB00C5DA88 /* RegistrationScreen.swift */; };
		7B145B462BE336EB00C5DA88 /* LoginScreen.swift in Sources */ = {isa = PBXBuildFile; fileRef = 7B145B422BE336EB00C5DA88 /* LoginScreen.swift */; };
		7B145B492BE33BF100C5DA88 /* LoginScreenModel.swift in Sources */ = {isa = PBXBuildFile; fileRef = 7B145B482BE33BF100C5DA88 /* LoginScreenModel.swift */; };
		7B145B4B2BE33C3800C5DA88 /* LoginScreenViewModel.swift in Sources */ = {isa = PBXBuildFile; fileRef = 7B145B4A2BE33C3800C5DA88 /* LoginScreenViewModel.swift */; };
		7B145B4E2BE3537300C5DA88 /* LoginSuccessViewModel.swift in Sources */ = {isa = PBXBuildFile; fileRef = 7B145B4D2BE3537300C5DA88 /* LoginSuccessViewModel.swift */; };
		7B145B512BE3556700C5DA88 /* RegistrationScreenViewModel.swift in Sources */ = {isa = PBXBuildFile; fileRef = 7B145B502BE3556700C5DA88 /* RegistrationScreenViewModel.swift */; };
/* End PBXBuildFile section */

/* Begin PBXFileReference section */
		42A318B97C038C775B0E08A8 /* Pods-LoginTestApp.debug.xcconfig */ = {isa = PBXFileReference; includeInIndex = 1; lastKnownFileType = text.xcconfig; name = "Pods-LoginTestApp.debug.xcconfig"; path = "Target Support Files/Pods-LoginTestApp/Pods-LoginTestApp.debug.xcconfig"; sourceTree = "<group>"; };
		7B145B2E2BE3354F00C5DA88 /* LoginTestApp.app */ = {isa = PBXFileReference; explicitFileType = wrapper.application; includeInIndex = 0; path = LoginTestApp.app; sourceTree = BUILT_PRODUCTS_DIR; };
		7B145B312BE3354F00C5DA88 /* LoginTestAppApp.swift */ = {isa = PBXFileReference; lastKnownFileType = sourcecode.swift; path = LoginTestAppApp.swift; sourceTree = "<group>"; };
		7B145B352BE3355100C5DA88 /* Assets.xcassets */ = {isa = PBXFileReference; lastKnownFileType = folder.assetcatalog; path = Assets.xcassets; sourceTree = "<group>"; };
		7B145B382BE3355100C5DA88 /* Preview Assets.xcassets */ = {isa = PBXFileReference; lastKnownFileType = folder.assetcatalog; path = "Preview Assets.xcassets"; sourceTree = "<group>"; };
		7B145B3F2BE336EB00C5DA88 /* LoginSuccess.swift */ = {isa = PBXFileReference; fileEncoding = 4; lastKnownFileType = sourcecode.swift; path = LoginSuccess.swift; sourceTree = "<group>"; };
		7B145B402BE336EB00C5DA88 /* GoogleService-Info.plist */ = {isa = PBXFileReference; fileEncoding = 4; lastKnownFileType = text.plist.xml; path = "GoogleService-Info.plist"; sourceTree = "<group>"; };
		7B145B412BE336EB00C5DA88 /* RegistrationScreen.swift */ = {isa = PBXFileReference; fileEncoding = 4; lastKnownFileType = sourcecode.swift; path = RegistrationScreen.swift; sourceTree = "<group>"; };
		7B145B422BE336EB00C5DA88 /* LoginScreen.swift */ = {isa = PBXFileReference; fileEncoding = 4; lastKnownFileType = sourcecode.swift; path = LoginScreen.swift; sourceTree = "<group>"; };
		7B145B472BE3370400C5DA88 /* Info.plist */ = {isa = PBXFileReference; lastKnownFileType = text.plist; path = Info.plist; sourceTree = "<group>"; };
		7B145B482BE33BF100C5DA88 /* LoginScreenModel.swift */ = {isa = PBXFileReference; lastKnownFileType = sourcecode.swift; path = LoginScreenModel.swift; sourceTree = "<group>"; };
		7B145B4A2BE33C3800C5DA88 /* LoginScreenViewModel.swift */ = {isa = PBXFileReference; lastKnownFileType = sourcecode.swift; path = LoginScreenViewModel.swift; sourceTree = "<group>"; };
		7B145B4D2BE3537300C5DA88 /* LoginSuccessViewModel.swift */ = {isa = PBXFileReference; lastKnownFileType = sourcecode.swift; path = LoginSuccessViewModel.swift; sourceTree = "<group>"; };
		7B145B502BE3556700C5DA88 /* RegistrationScreenViewModel.swift */ = {isa = PBXFileReference; lastKnownFileType = sourcecode.swift; path = RegistrationScreenViewModel.swift; sourceTree = "<group>"; };
		DE642975C8CDB7D48941EDB1 /* Pods-LoginTestApp.release.xcconfig */ = {isa = PBXFileReference; includeInIndex = 1; lastKnownFileType = text.xcconfig; name = "Pods-LoginTestApp.release.xcconfig"; path = "Target Support Files/Pods-LoginTestApp/Pods-LoginTestApp.release.xcconfig"; sourceTree = "<group>"; };
		E46F010E75354A093D00CAF1 /* Pods_LoginTestApp.framework */ = {isa = PBXFileReference; explicitFileType = wrapper.framework; includeInIndex = 0; path = Pods_LoginTestApp.framework; sourceTree = BUILT_PRODUCTS_DIR; };
/* End PBXFileReference section */

/* Begin PBXFrameworksBuildPhase section */
		7B145B2B2BE3354F00C5DA88 /* Frameworks */ = {
			isa = PBXFrameworksBuildPhase;
			buildActionMask = 2147483647;
			files = (
				6DD6D5EF59F2A395E4C5D942 /* Pods_LoginTestApp.framework in Frameworks */,
			);
			runOnlyForDeploymentPostprocessing = 0;
		};
/* End PBXFrameworksBuildPhase section */

/* Begin PBXGroup section */
		05440C30A73697B7AF5A807C /* Pods */ = {
			isa = PBXGroup;
			children = (
				42A318B97C038C775B0E08A8 /* Pods-LoginTestApp.debug.xcconfig */,
				DE642975C8CDB7D48941EDB1 /* Pods-LoginTestApp.release.xcconfig */,
			);
			path = Pods;
			sourceTree = "<group>";
		};
		4A3F1C43619C25EBF960CEC2 /* Frameworks */ = {
			isa = PBXGroup;
			children = (
				E46F010E75354A093D00CAF1 /* Pods_LoginTestApp.framework */,
			);
			name = Frameworks;
			sourceTree = "<group>";
		};
		7B145B252BE3354F00C5DA88 = {
			isa = PBXGroup;
			children = (
				7B145B302BE3354F00C5DA88 /* LoginTestApp */,
				7B145B2F2BE3354F00C5DA88 /* Products */,
				05440C30A73697B7AF5A807C /* Pods */,
				4A3F1C43619C25EBF960CEC2 /* Frameworks */,
			);
			sourceTree = "<group>";
		};
		7B145B2F2BE3354F00C5DA88 /* Products */ = {
			isa = PBXGroup;
			children = (
				7B145B2E2BE3354F00C5DA88 /* LoginTestApp.app */,
			);
			name = Products;
			sourceTree = "<group>";
		};
		7B145B302BE3354F00C5DA88 /* LoginTestApp */ = {
			isa = PBXGroup;
			children = (
				7B145B472BE3370400C5DA88 /* Info.plist */,
				7B145B312BE3354F00C5DA88 /* LoginTestAppApp.swift */,
				7B145B402BE336EB00C5DA88 /* GoogleService-Info.plist */,
				7B145B4C2BE352B500C5DA88 /* LoginScreen */,
				7B145B4F2BE3553800C5DA88 /* LoginSuccess */,
				7B145B522BE3575700C5DA88 /* RegistrationScreen */,
				7B145B352BE3355100C5DA88 /* Assets.xcassets */,
				7B145B372BE3355100C5DA88 /* Preview Content */,
			);
			path = LoginTestApp;
			sourceTree = "<group>";
		};
		7B145B372BE3355100C5DA88 /* Preview Content */ = {
			isa = PBXGroup;
			children = (
				7B145B382BE3355100C5DA88 /* Preview Assets.xcassets */,
			);
			path = "Preview Content";
			sourceTree = "<group>";
		};
		7B145B4C2BE352B500C5DA88 /* LoginScreen */ = {
			isa = PBXGroup;
			children = (
				7B145B482BE33BF100C5DA88 /* LoginScreenModel.swift */,
				7B145B422BE336EB00C5DA88 /* LoginScreen.swift */,
				7B145B4A2BE33C3800C5DA88 /* LoginScreenViewModel.swift */,
			);
			path = LoginScreen;
			sourceTree = "<group>";
		};
		7B145B4F2BE3553800C5DA88 /* LoginSuccess */ = {
			isa = PBXGroup;
			children = (
				7B145B3F2BE336EB00C5DA88 /* LoginSuccess.swift */,
				7B145B4D2BE3537300C5DA88 /* LoginSuccessViewModel.swift */,
			);
			path = LoginSuccess;
			sourceTree = "<group>";
		};
		7B145B522BE3575700C5DA88 /* RegistrationScreen */ = {
			isa = PBXGroup;
			children = (
				7B145B412BE336EB00C5DA88 /* RegistrationScreen.swift */,
				7B145B502BE3556700C5DA88 /* RegistrationScreenViewModel.swift */,
			);
			path = RegistrationScreen;
			sourceTree = "<group>";
		};
/* End PBXGroup section */

/* Begin PBXNativeTarget section */
		7B145B2D2BE3354F00C5DA88 /* LoginTestApp */ = {
			isa = PBXNativeTarget;
			buildConfigurationList = 7B145B3C2BE3355100C5DA88 /* Build configuration list for PBXNativeTarget "LoginTestApp" */;
			buildPhases = (
				10234B55DEB1B503C45187BD /* [CP] Check Pods Manifest.lock */,
				7B145B2A2BE3354F00C5DA88 /* Sources */,
				7B145B2B2BE3354F00C5DA88 /* Frameworks */,
				7B145B2C2BE3354F00C5DA88 /* Resources */,
				E6543D8DA2FB09A22133E505 /* [CP] Embed Pods Frameworks */,
			);
			buildRules = (
			);
			dependencies = (
			);
			name = LoginTestApp;
			productName = LoginTestApp;
			productReference = 7B145B2E2BE3354F00C5DA88 /* LoginTestApp.app */;
			productType = "com.apple.product-type.application";
		};
/* End PBXNativeTarget section */

/* Begin PBXProject section */
		7B145B262BE3354F00C5DA88 /* Project object */ = {
			isa = PBXProject;
			attributes = {
				BuildIndependentTargetsInParallel = 1;
				LastSwiftUpdateCheck = 1420;
				LastUpgradeCheck = 1420;
				TargetAttributes = {
					7B145B2D2BE3354F00C5DA88 = {
						CreatedOnToolsVersion = 14.2;
					};
				};
			};
			buildConfigurationList = 7B145B292BE3354F00C5DA88 /* Build configuration list for PBXProject "LoginTestApp" */;
			compatibilityVersion = "Xcode 14.0";
			developmentRegion = en;
			hasScannedForEncodings = 0;
			knownRegions = (
				en,
				Base,
			);
			mainGroup = 7B145B252BE3354F00C5DA88;
			productRefGroup = 7B145B2F2BE3354F00C5DA88 /* Products */;
			projectDirPath = "";
			projectRoot = "";
			targets = (
				7B145B2D2BE3354F00C5DA88 /* LoginTestApp */,
			);
		};
/* End PBXProject section */

/* Begin PBXResourcesBuildPhase section */
		7B145B2C2BE3354F00C5DA88 /* Resources */ = {
			isa = PBXResourcesBuildPhase;
			buildActionMask = 2147483647;
			files = (
				7B145B392BE3355100C5DA88 /* Preview Assets.xcassets in Resources */,
				7B145B362BE3355100C5DA88 /* Assets.xcassets in Resources */,
				7B145B442BE336EB00C5DA88 /* GoogleService-Info.plist in Resources */,
			);
			runOnlyForDeploymentPostprocessing = 0;
		};
/* End PBXResourcesBuildPhase section */

/* Begin PBXShellScriptBuildPhase section */
		10234B55DEB1B503C45187BD /* [CP] Check Pods Manifest.lock */ = {
			isa = PBXShellScriptBuildPhase;
			buildActionMask = 2147483647;
			files = (
			);
			inputFileListPaths = (
			);
			inputPaths = (
				"${PODS_PODFILE_DIR_PATH}/Podfile.lock",
				"${PODS_ROOT}/Manifest.lock",
			);
			name = "[CP] Check Pods Manifest.lock";
			outputFileListPaths = (
			);
			outputPaths = (
				"$(DERIVED_FILE_DIR)/Pods-LoginTestApp-checkManifestLockResult.txt",
			);
			runOnlyForDeploymentPostprocessing = 0;
			shellPath = /bin/sh;
			shellScript = "diff \"${PODS_PODFILE_DIR_PATH}/Podfile.lock\" \"${PODS_ROOT}/Manifest.lock\" > /dev/null\nif [ $? != 0 ] ; then\n    # print error to STDERR\n    echo \"error: The sandbox is not in sync with the Podfile.lock. Run 'pod install' or update your CocoaPods installation.\" >&2\n    exit 1\nfi\n# This output is used by Xcode 'outputs' to avoid re-running this script phase.\necho \"SUCCESS\" > \"${SCRIPT_OUTPUT_FILE_0}\"\n";
			showEnvVarsInLog = 0;
		};
		E6543D8DA2FB09A22133E505 /* [CP] Embed Pods Frameworks */ = {
			isa = PBXShellScriptBuildPhase;
			buildActionMask = 2147483647;
			files = (
			);
			inputFileListPaths = (
				"${PODS_ROOT}/Target Support Files/Pods-LoginTestApp/Pods-LoginTestApp-frameworks-${CONFIGURATION}-input-files.xcfilelist",
			);
			name = "[CP] Embed Pods Frameworks";
			outputFileListPaths = (
				"${PODS_ROOT}/Target Support Files/Pods-LoginTestApp/Pods-LoginTestApp-frameworks-${CONFIGURATION}-output-files.xcfilelist",
			);
			runOnlyForDeploymentPostprocessing = 0;
			shellPath = /bin/sh;
			shellScript = "\"${PODS_ROOT}/Target Support Files/Pods-LoginTestApp/Pods-LoginTestApp-frameworks.sh\"\n";
			showEnvVarsInLog = 0;
		};
/* End PBXShellScriptBuildPhase section */

/* Begin PBXSourcesBuildPhase section */
		7B145B2A2BE3354F00C5DA88 /* Sources */ = {
			isa = PBXSourcesBuildPhase;
			buildActionMask = 2147483647;
			files = (
				7B145B452BE336EB00C5DA88 /* RegistrationScreen.swift in Sources */,
				7B145B512BE3556700C5DA88 /* RegistrationScreenViewModel.swift in Sources */,
				7B145B462BE336EB00C5DA88 /* LoginScreen.swift in Sources */,
				7B145B4B2BE33C3800C5DA88 /* LoginScreenViewModel.swift in Sources */,
				7B145B492BE33BF100C5DA88 /* LoginScreenModel.swift in Sources */,
				7B145B322BE3354F00C5DA88 /* LoginTestAppApp.swift in Sources */,
				7B145B432BE336EB00C5DA88 /* LoginSuccess.swift in Sources */,
				7B145B4E2BE3537300C5DA88 /* LoginSuccessViewModel.swift in Sources */,
			);
			runOnlyForDeploymentPostprocessing = 0;
		};
/* End PBXSourcesBuildPhase section */

/* Begin XCBuildConfiguration section */
		7B145B3A2BE3355100C5DA88 /* Debug */ = {
			isa = XCBuildConfiguration;
			buildSettings = {
				ALWAYS_SEARCH_USER_PATHS = NO;
				CLANG_ANALYZER_NONNULL = YES;
				CLANG_ANALYZER_NUMBER_OBJECT_CONVERSION = YES_AGGRESSIVE;
				CLANG_CXX_LANGUAGE_STANDARD = "gnu++20";
				CLANG_ENABLE_MODULES = YES;
				CLANG_ENABLE_OBJC_ARC = YES;
				CLANG_ENABLE_OBJC_WEAK = YES;
				CLANG_WARN_BLOCK_CAPTURE_AUTORELEASING = YES;
				CLANG_WARN_BOOL_CONVERSION = YES;
				CLANG_WARN_COMMA = YES;
				CLANG_WARN_CONSTANT_CONVERSION = YES;
				CLANG_WARN_DEPRECATED_OBJC_IMPLEMENTATIONS = YES;
				CLANG_WARN_DIRECT_OBJC_ISA_USAGE = YES_ERROR;
				CLANG_WARN_DOCUMENTATION_COMMENTS = YES;
				CLANG_WARN_EMPTY_BODY = YES;
				CLANG_WARN_ENUM_CONVERSION = YES;
				CLANG_WARN_INFINITE_RECURSION = YES;
				CLANG_WARN_INT_CONVERSION = YES;
				CLANG_WARN_NON_LITERAL_NULL_CONVERSION = YES;
				CLANG_WARN_OBJC_IMPLICIT_RETAIN_SELF = YES;
				CLANG_WARN_OBJC_LITERAL_CONVERSION = YES;
				CLANG_WARN_OBJC_ROOT_CLASS = YES_ERROR;
				CLANG_WARN_QUOTED_INCLUDE_IN_FRAMEWORK_HEADER = YES;
				CLANG_WARN_RANGE_LOOP_ANALYSIS = YES;
				CLANG_WARN_STRICT_PROTOTYPES = YES;
				CLANG_WARN_SUSPICIOUS_MOVE = YES;
				CLANG_WARN_UNGUARDED_AVAILABILITY = YES_AGGRESSIVE;
				CLANG_WARN_UNREACHABLE_CODE = YES;
				CLANG_WARN__DUPLICATE_METHOD_MATCH = YES;
				COPY_PHASE_STRIP = NO;
				DEBUG_INFORMATION_FORMAT = dwarf;
				ENABLE_STRICT_OBJC_MSGSEND = YES;
				ENABLE_TESTABILITY = YES;
				GCC_C_LANGUAGE_STANDARD = gnu11;
				GCC_DYNAMIC_NO_PIC = NO;
				GCC_NO_COMMON_BLOCKS = YES;
				GCC_OPTIMIZATION_LEVEL = 0;
				GCC_PREPROCESSOR_DEFINITIONS = (
					"DEBUG=1",
					"$(inherited)",
				);
				GCC_WARN_64_TO_32_BIT_CONVERSION = YES;
				GCC_WARN_ABOUT_RETURN_TYPE = YES_ERROR;
				GCC_WARN_UNDECLARED_SELECTOR = YES;
				GCC_WARN_UNINITIALIZED_AUTOS = YES_AGGRESSIVE;
				GCC_WARN_UNUSED_FUNCTION = YES;
				GCC_WARN_UNUSED_VARIABLE = YES;
				IPHONEOS_DEPLOYMENT_TARGET = 16.2;
				MTL_ENABLE_DEBUG_INFO = INCLUDE_SOURCE;
				MTL_FAST_MATH = YES;
				ONLY_ACTIVE_ARCH = YES;
				SDKROOT = iphoneos;
				SWIFT_ACTIVE_COMPILATION_CONDITIONS = DEBUG;
				SWIFT_OPTIMIZATION_LEVEL = "-Onone";
			};
			name = Debug;
		};
		7B145B3B2BE3355100C5DA88 /* Release */ = {
			isa = XCBuildConfiguration;
			buildSettings = {
				ALWAYS_SEARCH_USER_PATHS = NO;
				CLANG_ANALYZER_NONNULL = YES;
				CLANG_ANALYZER_NUMBER_OBJECT_CONVERSION = YES_AGGRESSIVE;
				CLANG_CXX_LANGUAGE_STANDARD = "gnu++20";
				CLANG_ENABLE_MODULES = YES;
				CLANG_ENABLE_OBJC_ARC = YES;
				CLANG_ENABLE_OBJC_WEAK = YES;
				CLANG_WARN_BLOCK_CAPTURE_AUTORELEASING = YES;
				CLANG_WARN_BOOL_CONVERSION = YES;
				CLANG_WARN_COMMA = YES;
				CLANG_WARN_CONSTANT_CONVERSION = YES;
				CLANG_WARN_DEPRECATED_OBJC_IMPLEMENTATIONS = YES;
				CLANG_WARN_DIRECT_OBJC_ISA_USAGE = YES_ERROR;
				CLANG_WARN_DOCUMENTATION_COMMENTS = YES;
				CLANG_WARN_EMPTY_BODY = YES;
				CLANG_WARN_ENUM_CONVERSION = YES;
				CLANG_WARN_INFINITE_RECURSION = YES;
				CLANG_WARN_INT_CONVERSION = YES;
				CLANG_WARN_NON_LITERAL_NULL_CONVERSION = YES;
				CLANG_WARN_OBJC_IMPLICIT_RETAIN_SELF = YES;
				CLANG_WARN_OBJC_LITERAL_CONVERSION = YES;
				CLANG_WARN_OBJC_ROOT_CLASS = YES_ERROR;
				CLANG_WARN_QUOTED_INCLUDE_IN_FRAMEWORK_HEADER = YES;
				CLANG_WARN_RANGE_LOOP_ANALYSIS = YES;
				CLANG_WARN_STRICT_PROTOTYPES = YES;
				CLANG_WARN_SUSPICIOUS_MOVE = YES;
				CLANG_WARN_UNGUARDED_AVAILABILITY = YES_AGGRESSIVE;
				CLANG_WARN_UNREACHABLE_CODE = YES;
				CLANG_WARN__DUPLICATE_METHOD_MATCH = YES;
				COPY_PHASE_STRIP = NO;
				DEBUG_INFORMATION_FORMAT = "dwarf-with-dsym";
				ENABLE_NS_ASSERTIONS = NO;
				ENABLE_STRICT_OBJC_MSGSEND = YES;
				GCC_C_LANGUAGE_STANDARD = gnu11;
				GCC_NO_COMMON_BLOCKS = YES;
				GCC_WARN_64_TO_32_BIT_CONVERSION = YES;
				GCC_WARN_ABOUT_RETURN_TYPE = YES_ERROR;
				GCC_WARN_UNDECLARED_SELECTOR = YES;
				GCC_WARN_UNINITIALIZED_AUTOS = YES_AGGRESSIVE;
				GCC_WARN_UNUSED_FUNCTION = YES;
				GCC_WARN_UNUSED_VARIABLE = YES;
				IPHONEOS_DEPLOYMENT_TARGET = 16.2;
				MTL_ENABLE_DEBUG_INFO = NO;
				MTL_FAST_MATH = YES;
				SDKROOT = iphoneos;
				SWIFT_COMPILATION_MODE = wholemodule;
				SWIFT_OPTIMIZATION_LEVEL = "-O";
				VALIDATE_PRODUCT = YES;
			};
			name = Release;
		};
		7B145B3D2BE3355100C5DA88 /* Debug */ = {
			isa = XCBuildConfiguration;
			baseConfigurationReference = 42A318B97C038C775B0E08A8 /* Pods-LoginTestApp.debug.xcconfig */;
			buildSettings = {
				ASSETCATALOG_COMPILER_APPICON_NAME = AppIcon;
				ASSETCATALOG_COMPILER_GLOBAL_ACCENT_COLOR_NAME = AccentColor;
				CODE_SIGN_STYLE = Automatic;
				CURRENT_PROJECT_VERSION = 1;
				DEVELOPMENT_ASSET_PATHS = "\"LoginTestApp/Preview Content\"";
				DEVELOPMENT_TEAM = W89H83NZTM;
				ENABLE_PREVIEWS = YES;
				GENERATE_INFOPLIST_FILE = YES;
				INFOPLIST_FILE = LoginTestApp/Info.plist;
				INFOPLIST_KEY_UIApplicationSceneManifest_Generation = YES;
				INFOPLIST_KEY_UIApplicationSupportsIndirectInputEvents = YES;
				INFOPLIST_KEY_UILaunchScreen_Generation = YES;
				INFOPLIST_KEY_UISupportedInterfaceOrientations_iPad = "UIInterfaceOrientationPortrait UIInterfaceOrientationPortraitUpsideDown UIInterfaceOrientationLandscapeLeft UIInterfaceOrientationLandscapeRight";
				INFOPLIST_KEY_UISupportedInterfaceOrientations_iPhone = "UIInterfaceOrientationPortrait UIInterfaceOrientationLandscapeLeft UIInterfaceOrientationLandscapeRight";
				IPHONEOS_DEPLOYMENT_TARGET = 15.6;
				LD_RUNPATH_SEARCH_PATHS = (
					"$(inherited)",
					"@executable_path/Frameworks",
				);
				MARKETING_VERSION = 1.0;
				PRODUCT_BUNDLE_IDENTIFIER = FS.LoginTestApp;
				PRODUCT_NAME = "$(TARGET_NAME)";
				SWIFT_EMIT_LOC_STRINGS = YES;
				SWIFT_VERSION = 5.0;
				TARGETED_DEVICE_FAMILY = "1,2";
			};
			name = Debug;
		};
		7B145B3E2BE3355100C5DA88 /* Release */ = {
			isa = XCBuildConfiguration;
			baseConfigurationReference = DE642975C8CDB7D48941EDB1 /* Pods-LoginTestApp.release.xcconfig */;
			buildSettings = {
				ASSETCATALOG_COMPILER_APPICON_NAME = AppIcon;
				ASSETCATALOG_COMPILER_GLOBAL_ACCENT_COLOR_NAME = AccentColor;
				CODE_SIGN_STYLE = Automatic;
				CURRENT_PROJECT_VERSION = 1;
				DEVELOPMENT_ASSET_PATHS = "\"LoginTestApp/Preview Content\"";
				DEVELOPMENT_TEAM = W89H83NZTM;
				ENABLE_PREVIEWS = YES;
				GENERATE_INFOPLIST_FILE = YES;
				INFOPLIST_FILE = LoginTestApp/Info.plist;
				INFOPLIST_KEY_UIApplicationSceneManifest_Generation = YES;
				INFOPLIST_KEY_UIApplicationSupportsIndirectInputEvents = YES;
				INFOPLIST_KEY_UILaunchScreen_Generation = YES;
				INFOPLIST_KEY_UISupportedInterfaceOrientations_iPad = "UIInterfaceOrientationPortrait UIInterfaceOrientationPortraitUpsideDown UIInterfaceOrientationLandscapeLeft UIInterfaceOrientationLandscapeRight";
				INFOPLIST_KEY_UISupportedInterfaceOrientations_iPhone = "UIInterfaceOrientationPortrait UIInterfaceOrientationLandscapeLeft UIInterfaceOrientationLandscapeRight";
				IPHONEOS_DEPLOYMENT_TARGET = 15.6;
				LD_RUNPATH_SEARCH_PATHS = (
					"$(inherited)",
					"@executable_path/Frameworks",
				);
				MARKETING_VERSION = 1.0;
				PRODUCT_BUNDLE_IDENTIFIER = FS.LoginTestApp;
				PRODUCT_NAME = "$(TARGET_NAME)";
				SWIFT_EMIT_LOC_STRINGS = YES;
				SWIFT_VERSION = 5.0;
				TARGETED_DEVICE_FAMILY = "1,2";
			};
			name = Release;
		};
/* End XCBuildConfiguration section */

/* Begin XCConfigurationList section */
		7B145B292BE3354F00C5DA88 /* Build configuration list for PBXProject "LoginTestApp" */ = {
			isa = XCConfigurationList;
			buildConfigurations = (
				7B145B3A2BE3355100C5DA88 /* Debug */,
				7B145B3B2BE3355100C5DA88 /* Release */,
			);
			defaultConfigurationIsVisible = 0;
			defaultConfigurationName = Release;
		};
		7B145B3C2BE3355100C5DA88 /* Build configuration list for PBXNativeTarget "LoginTestApp" */ = {
			isa = XCConfigurationList;
			buildConfigurations = (
				7B145B3D2BE3355100C5DA88 /* Debug */,
				7B145B3E2BE3355100C5DA88 /* Release */,
			);
			defaultConfigurationIsVisible = 0;
			defaultConfigurationName = Release;
		};
/* End XCConfigurationList section */
	};
	rootObject = 7B145B262BE3354F00C5DA88 /* Project object */;
}
